
Microsoft Visual Studio Solution File, Format Version 12.00
# Visual Studio 15
VisualStudioVersion = 15.0.27703.2042
MinimumVisualStudioVersion = 10.0.40219.1
Project("{FAE04EC0-301F-11D3-BF4B-00C04F79EFBC}") = "Dl.ConsoleApp", "Dl.ConsoleApp\Dl.ConsoleApp.csproj", "{C980D347-7294-4258-949B-E87696CD4C67}"
EndProject
Project("{FAE04EC0-301F-11D3-BF4B-00C04F79EFBC}") = "Dl.Models", "Dl.Models\Dl.Models.csproj", "{3B171041-06F5-4F46-A468-DFDDD5F67658}"
EndProject
Project("{FAE04EC0-301F-11D3-BF4B-00C04F79EFBC}") = "Dl.DataAccessAbstract", "Dl.DataAccessAbstract\Dl.DataAccessAbstract.csproj", "{2ACE1926-2929-4732-A174-CA0DAE0C2A7C}"
EndProject
Project("{FAE04EC0-301F-11D3-BF4B-00C04F79EFBC}") = "Dl.DataAccess", "Dl.DataAccess\Dl.DataAccess.csproj", "{1ADFBD9D-4DAC-4655-B1F5-D05ECF90CCCC}"
EndProject
Global
	GlobalSection(SolutionConfigurationPlatforms) = preSolution
		Debug|Any CPU = Debug|Any CPU
		Release|Any CPU = Release|Any CPU
	EndGlobalSection
	GlobalSection(ProjectConfigurationPlatforms) = postSolution
		{C980D347-7294-4258-949B-E87696CD4C67}.Debug|Any CPU.ActiveCfg = Debug|Any CPU
		{C980D347-7294-4258-949B-E87696CD4C67}.Debug|Any CPU.Build.0 = Debug|Any CPU
		{C980D347-7294-4258-949B-E87696CD4C67}.Release|Any CPU.ActiveCfg = Release|Any CPU
		{C980D347-7294-4258-949B-E87696CD4C67}.Release|Any CPU.Build.0 = Release|Any CPU
		{3B171041-06F5-4F46-A468-DFDDD5F67658}.Debug|Any CPU.ActiveCfg = Debug|Any CPU
		{3B171041-06F5-4F46-A468-DFDDD5F67658}.Debug|Any CPU.Build.0 = Debug|Any CPU
		{3B171041-06F5-4F46-A468-DFDDD5F67658}.Release|Any CPU.ActiveCfg = Release|Any CPU
		{3B171041-06F5-4F46-A468-DFDDD5F67658}.Release|Any CPU.Build.0 = Release|Any CPU
		{2ACE1926-2929-4732-A174-CA0DAE0C2A7C}.Debug|Any CPU.ActiveCfg = Debug|Any CPU
		{2ACE1926-2929-4732-A174-CA0DAE0C2A7C}.Debug|Any CPU.Build.0 = Debug|Any CPU
		{2ACE1926-2929-4732-A174-CA0DAE0C2A7C}.Release|Any CPU.ActiveCfg = Release|Any CPU
		{2ACE1926-2929-4732-A174-CA0DAE0C2A7C}.Release|Any CPU.Build.0 = Release|Any CPU
		{1ADFBD9D-4DAC-4655-B1F5-D05ECF90CCCC}.Debug|Any CPU.ActiveCfg = Debug|Any CPU
		{1ADFBD9D-4DAC-4655-B1F5-D05ECF90CCCC}.Debug|Any CPU.Build.0 = Debug|Any CPU
		{1ADFBD9D-4DAC-4655-B1F5-D05ECF90CCCC}.Release|Any CPU.ActiveCfg = Release|Any CPU
		{1ADFBD9D-4DAC-4655-B1F5-D05ECF90CCCC}.Release|Any CPU.Build.0 = Release|Any CPU
	EndGlobalSection
	GlobalSection(SolutionProperties) = preSolution
		HideSolutionNode = FALSE
	EndGlobalSection
	GlobalSection(ExtensibilityGlobals) = postSolution
		SolutionGuid = {B3BB8F39-6560-4927-A222-D29DF6F17A34}
	EndGlobalSection
EndGlobal
